
Microsoft Visual Studio Solution File, Format Version 12.00
# Visual Studio Version 17
VisualStudioVersion = 17.13.35931.197 d17.13
MinimumVisualStudioVersion = 10.0.40219.1
Project("{FAE04EC0-301F-11D3-BF4B-00C04F79EFBC}") = "MauiPerfDebugOverlay.SampleApp", "MauiPerfDebugOverlay.SampleApp.csproj", "{3582D5E1-0786-4408-8E35-C359609CA46C}"
EndProject
Project("{FAE04EC0-301F-11D3-BF4B-00C04F79EFBC}") = "MauiPerfDebugOverlay", "..\MauiPerfDebugOverlay\MauiPerfDebugOverlay.csproj", "{4FED9C42-DB8F-DC6B-FE09-256C5DC20441}"
EndProject
Global
	GlobalSection(SolutionConfigurationPlatforms) = preSolution
		Debug|Any CPU = Debug|Any CPU
		Release|Any CPU = Release|Any CPU
	EndGlobalSection
	GlobalSection(ProjectConfigurationPlatforms) = postSolution
		{3582D5E1-0786-4408-8E35-C359609CA46C}.Debug|Any CPU.ActiveCfg = Debug|Any CPU
		{3582D5E1-0786-4408-8E35-C359609CA46C}.Debug|Any CPU.Build.0 = Debug|Any CPU
		{3582D5E1-0786-4408-8E35-C359609CA46C}.Debug|Any CPU.Deploy.0 = Debug|Any CPU
		{3582D5E1-0786-4408-8E35-C359609CA46C}.Release|Any CPU.ActiveCfg = Release|Any CPU
		{3582D5E1-0786-4408-8E35-C359609CA46C}.Release|Any CPU.Build.0 = Release|Any CPU
		{3582D5E1-0786-4408-8E35-C359609CA46C}.Release|Any CPU.Deploy.0 = Release|Any CPU
		{4FED9C42-DB8F-DC6B-FE09-256C5DC20441}.Debug|Any CPU.ActiveCfg = Debug|Any CPU
		{4FED9C42-DB8F-DC6B-FE09-256C5DC20441}.Debug|Any CPU.Build.0 = Debug|Any CPU
		{4FED9C42-DB8F-DC6B-FE09-256C5DC20441}.Release|Any CPU.ActiveCfg = Release|Any CPU
		{4FED9C42-DB8F-DC6B-FE09-256C5DC20441}.Release|Any CPU.Build.0 = Release|Any CPU
	EndGlobalSection
	GlobalSection(SolutionProperties) = preSolution
		HideSolutionNode = FALSE
	EndGlobalSection
	GlobalSection(ExtensibilityGlobals) = postSolution
		SolutionGuid = {0623E3AF-4F39-4B62-ABC1-90A2E2713E39}
	EndGlobalSection
EndGlobal
